
Microsoft Visual Studio Solution File, Format Version 12.00
# Visual Studio Version 16
VisualStudioVersion = 16.0.32126.315
MinimumVisualStudioVersion = 10.0.40219.1
Project("{9A19103F-16F7-4668-BE54-9A1E7A4F7556}") = "IndianStateCensusAnalyserProblem", "IndianStateCensusAnalyserProblem\IndianStateCensusAnalyserProblem.csproj", "{66F9CB59-CB5D-4363-BAED-ADE72F0F24BB}"
EndProject
Project("{FAE04EC0-301F-11D3-BF4B-00C04F79EFBC}") = "CensusAnalyserTest", "CensusAnalyserTest\CensusAnalyserTest.csproj", "{F75D2D19-0CF3-41BB-B33C-B3EA52CCE329}"
EndProject
Global
	GlobalSection(SolutionConfigurationPlatforms) = preSolution
		Debug|Any CPU = Debug|Any CPU
		Release|Any CPU = Release|Any CPU
	EndGlobalSection
	GlobalSection(ProjectConfigurationPlatforms) = postSolution
		{66F9CB59-CB5D-4363-BAED-ADE72F0F24BB}.Debug|Any CPU.ActiveCfg = Debug|Any CPU
		{66F9CB59-CB5D-4363-BAED-ADE72F0F24BB}.Debug|Any CPU.Build.0 = Debug|Any CPU
		{66F9CB59-CB5D-4363-BAED-ADE72F0F24BB}.Release|Any CPU.ActiveCfg = Release|Any CPU
		{66F9CB59-CB5D-4363-BAED-ADE72F0F24BB}.Release|Any CPU.Build.0 = Release|Any CPU
		{F75D2D19-0CF3-41BB-B33C-B3EA52CCE329}.Debug|Any CPU.ActiveCfg = Debug|Any CPU
		{F75D2D19-0CF3-41BB-B33C-B3EA52CCE329}.Debug|Any CPU.Build.0 = Debug|Any CPU
		{F75D2D19-0CF3-41BB-B33C-B3EA52CCE329}.Release|Any CPU.ActiveCfg = Release|Any CPU
		{F75D2D19-0CF3-41BB-B33C-B3EA52CCE329}.Release|Any CPU.Build.0 = Release|Any CPU
	EndGlobalSection
	GlobalSection(SolutionProperties) = preSolution
		HideSolutionNode = FALSE
	EndGlobalSection
	GlobalSection(ExtensibilityGlobals) = postSolution
		SolutionGuid = {28D577EE-BE57-4800-9596-A0051F55C7C8}
	EndGlobalSection
EndGlobal
